// !$*UTF8*$!
{
	archiveVersion = 1;
	classes = {
	};
	objectVersion = 46;
	objects = {

/* Begin PBXBuildFile section */
		8D1EF9161963941800D9D8B8 /* Foundation.framework in Frameworks */ = {isa = PBXBuildFile; fileRef = 8D1EF9151963941800D9D8B8 /* Foundation.framework */; };
		8D1EF9181963941800D9D8B8 /* CoreGraphics.framework in Frameworks */ = {isa = PBXBuildFile; fileRef = 8D1EF9171963941800D9D8B8 /* CoreGraphics.framework */; };
		8D1EF91A1963941800D9D8B8 /* UIKit.framework in Frameworks */ = {isa = PBXBuildFile; fileRef = 8D1EF9191963941800D9D8B8 /* UIKit.framework */; };
		8D1EF9201963941800D9D8B8 /* InfoPlist.strings in Resources */ = {isa = PBXBuildFile; fileRef = 8D1EF91E1963941800D9D8B8 /* InfoPlist.strings */; };
		8D1EF9221963941800D9D8B8 /* main.m in Sources */ = {isa = PBXBuildFile; fileRef = 8D1EF9211963941800D9D8B8 /* main.m */; };
		8D1EF9261963941800D9D8B8 /* MezzoAppDelegate.m in Sources */ = {isa = PBXBuildFile; fileRef = 8D1EF9251963941800D9D8B8 /* MezzoAppDelegate.m */; };
		8D1EF9291963941800D9D8B8 /* Main.storyboard in Resources */ = {isa = PBXBuildFile; fileRef = 8D1EF9271963941800D9D8B8 /* Main.storyboard */; };
		8D1EF92C1963941800D9D8B8 /* MezzoViewController.m in Sources */ = {isa = PBXBuildFile; fileRef = 8D1EF92B1963941800D9D8B8 /* MezzoViewController.m */; };
		8D1EF92E1963941800D9D8B8 /* Images.xcassets in Resources */ = {isa = PBXBuildFile; fileRef = 8D1EF92D1963941800D9D8B8 /* Images.xcassets */; };
		8D1EF9351963941800D9D8B8 /* XCTest.framework in Frameworks */ = {isa = PBXBuildFile; fileRef = 8D1EF9341963941800D9D8B8 /* XCTest.framework */; };
		8D1EF9361963941800D9D8B8 /* Foundation.framework in Frameworks */ = {isa = PBXBuildFile; fileRef = 8D1EF9151963941800D9D8B8 /* Foundation.framework */; };
		8D1EF9371963941800D9D8B8 /* UIKit.framework in Frameworks */ = {isa = PBXBuildFile; fileRef = 8D1EF9191963941800D9D8B8 /* UIKit.framework */; };
		8D1EF93F1963941800D9D8B8 /* InfoPlist.strings in Resources */ = {isa = PBXBuildFile; fileRef = 8D1EF93D1963941800D9D8B8 /* InfoPlist.strings */; };
		8D1EF9411963941800D9D8B8 /* MezzoProt1Tests.m in Sources */ = {isa = PBXBuildFile; fileRef = 8D1EF9401963941800D9D8B8 /* MezzoProt1Tests.m */; };
/* End PBXBuildFile section */

/* Begin PBXContainerItemProxy section */
		8D1EF9381963941800D9D8B8 /* PBXContainerItemProxy */ = {
			isa = PBXContainerItemProxy;
			containerPortal = 8D1EF90A1963941800D9D8B8 /* Project object */;
			proxyType = 1;
			remoteGlobalIDString = 8D1EF9111963941800D9D8B8;
			remoteInfo = MezzoProt1;
		};
/* End PBXContainerItemProxy section */

/* Begin PBXFileReference section */
		8D1EF9121963941800D9D8B8 /* MezzoProt1.app */ = {isa = PBXFileReference; explicitFileType = wrapper.application; includeInIndex = 0; path = MezzoProt1.app; sourceTree = BUILT_PRODUCTS_DIR; };
		8D1EF9151963941800D9D8B8 /* Foundation.framework */ = {isa = PBXFileReference; lastKnownFileType = wrapper.framework; name = Foundation.framework; path = System/Library/Frameworks/Foundation.framework; sourceTree = SDKROOT; };
		8D1EF9171963941800D9D8B8 /* CoreGraphics.framework */ = {isa = PBXFileReference; lastKnownFileType = wrapper.framework; name = CoreGraphics.framework; path = System/Library/Frameworks/CoreGraphics.framework; sourceTree = SDKROOT; };
		8D1EF9191963941800D9D8B8 /* UIKit.framework */ = {isa = PBXFileReference; lastKnownFileType = wrapper.framework; name = UIKit.framework; path = System/Library/Frameworks/UIKit.framework; sourceTree = SDKROOT; };
		8D1EF91D1963941800D9D8B8 /* MezzoProt1-Info.plist */ = {isa = PBXFileReference; lastKnownFileType = text.plist.xml; path = "MezzoProt1-Info.plist"; sourceTree = "<group>"; };
		8D1EF91F1963941800D9D8B8 /* en */ = {isa = PBXFileReference; lastKnownFileType = text.plist.strings; name = en; path = en.lproj/InfoPlist.strings; sourceTree = "<group>"; };
		8D1EF9211963941800D9D8B8 /* main.m */ = {isa = PBXFileReference; lastKnownFileType = sourcecode.c.objc; path = main.m; sourceTree = "<group>"; };
		8D1EF9231963941800D9D8B8 /* MezzoProt1-Prefix.pch */ = {isa = PBXFileReference; lastKnownFileType = sourcecode.c.h; path = "MezzoProt1-Prefix.pch"; sourceTree = "<group>"; };
		8D1EF9241963941800D9D8B8 /* MezzoAppDelegate.h */ = {isa = PBXFileReference; lastKnownFileType = sourcecode.c.h; path = MezzoAppDelegate.h; sourceTree = "<group>"; };
		8D1EF9251963941800D9D8B8 /* MezzoAppDelegate.m */ = {isa = PBXFileReference; lastKnownFileType = sourcecode.c.objc; path = MezzoAppDelegate.m; sourceTree = "<group>"; };
		8D1EF9281963941800D9D8B8 /* Base */ = {isa = PBXFileReference; lastKnownFileType = file.storyboard; name = Base; path = Base.lproj/Main.storyboard; sourceTree = "<group>"; };
		8D1EF92A1963941800D9D8B8 /* MezzoViewController.h */ = {isa = PBXFileReference; lastKnownFileType = sourcecode.c.h; path = MezzoViewController.h; sourceTree = "<group>"; };
		8D1EF92B1963941800D9D8B8 /* MezzoViewController.m */ = {isa = PBXFileReference; lastKnownFileType = sourcecode.c.objc; path = MezzoViewController.m; sourceTree = "<group>"; };
		8D1EF92D1963941800D9D8B8 /* Images.xcassets */ = {isa = PBXFileReference; lastKnownFileType = folder.assetcatalog; path = Images.xcassets; sourceTree = "<group>"; };
		8D1EF9331963941800D9D8B8 /* MezzoProt1Tests.xctest */ = {isa = PBXFileReference; explicitFileType = wrapper.cfbundle; includeInIndex = 0; path = MezzoProt1Tests.xctest; sourceTree = BUILT_PRODUCTS_DIR; };
		8D1EF9341963941800D9D8B8 /* XCTest.framework */ = {isa = PBXFileReference; lastKnownFileType = wrapper.framework; name = XCTest.framework; path = Library/Frameworks/XCTest.framework; sourceTree = DEVELOPER_DIR; };
		8D1EF93C1963941800D9D8B8 /* MezzoProt1Tests-Info.plist */ = {isa = PBXFileReference; lastKnownFileType = text.plist.xml; path = "MezzoProt1Tests-Info.plist"; sourceTree = "<group>"; };
		8D1EF93E1963941800D9D8B8 /* en */ = {isa = PBXFileReference; lastKnownFileType = text.plist.strings; name = en; path = en.lproj/InfoPlist.strings; sourceTree = "<group>"; };
		8D1EF9401963941800D9D8B8 /* MezzoProt1Tests.m */ = {isa = PBXFileReference; lastKnownFileType = sourcecode.c.objc; path = MezzoProt1Tests.m; sourceTree = "<group>"; };
/* End PBXFileReference section */

/* Begin PBXFrameworksBuildPhase section */
		8D1EF90F1963941800D9D8B8 /* Frameworks */ = {
			isa = PBXFrameworksBuildPhase;
			buildActionMask = 2147483647;
			files = (
				8D1EF9181963941800D9D8B8 /* CoreGraphics.framework in Frameworks */,
				8D1EF91A1963941800D9D8B8 /* UIKit.framework in Frameworks */,
				8D1EF9161963941800D9D8B8 /* Foundation.framework in Frameworks */,
			);
			runOnlyForDeploymentPostprocessing = 0;
		};
		8D1EF9301963941800D9D8B8 /* Frameworks */ = {
			isa = PBXFrameworksBuildPhase;
			buildActionMask = 2147483647;
			files = (
				8D1EF9351963941800D9D8B8 /* XCTest.framework in Frameworks */,
				8D1EF9371963941800D9D8B8 /* UIKit.framework in Frameworks */,
				8D1EF9361963941800D9D8B8 /* Foundation.framework in Frameworks */,
			);
			runOnlyForDeploymentPostprocessing = 0;
		};
/* End PBXFrameworksBuildPhase section */

/* Begin PBXGroup section */
		8D1EF9091963941800D9D8B8 = {
			isa = PBXGroup;
			children = (
				8D1EF91B1963941800D9D8B8 /* MezzoProt1 */,
				8D1EF93A1963941800D9D8B8 /* MezzoProt1Tests */,
				8D1EF9141963941800D9D8B8 /* Frameworks */,
				8D1EF9131963941800D9D8B8 /* Products */,
			);
			sourceTree = "<group>";
		};
		8D1EF9131963941800D9D8B8 /* Products */ = {
			isa = PBXGroup;
			children = (
				8D1EF9121963941800D9D8B8 /* MezzoProt1.app */,
				8D1EF9331963941800D9D8B8 /* MezzoProt1Tests.xctest */,
			);
			name = Products;
			sourceTree = "<group>";
		};
		8D1EF9141963941800D9D8B8 /* Frameworks */ = {
			isa = PBXGroup;
			children = (
				8D1EF9151963941800D9D8B8 /* Foundation.framework */,
				8D1EF9171963941800D9D8B8 /* CoreGraphics.framework */,
				8D1EF9191963941800D9D8B8 /* UIKit.framework */,
				8D1EF9341963941800D9D8B8 /* XCTest.framework */,
			);
			name = Frameworks;
			sourceTree = "<group>";
		};
		8D1EF91B1963941800D9D8B8 /* MezzoProt1 */ = {
			isa = PBXGroup;
			children = (
				8D1EF9241963941800D9D8B8 /* MezzoAppDelegate.h */,
				8D1EF9251963941800D9D8B8 /* MezzoAppDelegate.m */,
				8D1EF9271963941800D9D8B8 /* Main.storyboard */,
				8D1EF92A1963941800D9D8B8 /* MezzoViewController.h */,
				8D1EF92B1963941800D9D8B8 /* MezzoViewController.m */,
				8D1EF92D1963941800D9D8B8 /* Images.xcassets */,
				8D1EF91C1963941800D9D8B8 /* Supporting Files */,
			);
			path = MezzoProt1;
			sourceTree = "<group>";
		};
		8D1EF91C1963941800D9D8B8 /* Supporting Files */ = {
			isa = PBXGroup;
			children = (
				8D1EF91D1963941800D9D8B8 /* MezzoProt1-Info.plist */,
				8D1EF91E1963941800D9D8B8 /* InfoPlist.strings */,
				8D1EF9211963941800D9D8B8 /* main.m */,
				8D1EF9231963941800D9D8B8 /* MezzoProt1-Prefix.pch */,
			);
			name = "Supporting Files";
			sourceTree = "<group>";
		};
		8D1EF93A1963941800D9D8B8 /* MezzoProt1Tests */ = {
			isa = PBXGroup;
			children = (
				8D1EF9401963941800D9D8B8 /* MezzoProt1Tests.m */,
				8D1EF93B1963941800D9D8B8 /* Supporting Files */,
			);
			path = MezzoProt1Tests;
			sourceTree = "<group>";
		};
		8D1EF93B1963941800D9D8B8 /* Supporting Files */ = {
			isa = PBXGroup;
			children = (
				8D1EF93C1963941800D9D8B8 /* MezzoProt1Tests-Info.plist */,
				8D1EF93D1963941800D9D8B8 /* InfoPlist.strings */,
			);
			name = "Supporting Files";
			sourceTree = "<group>";
		};
/* End PBXGroup section */

/* Begin PBXNativeTarget section */
		8D1EF9111963941800D9D8B8 /* MezzoProt1 */ = {
			isa = PBXNativeTarget;
			buildConfigurationList = 8D1EF9441963941800D9D8B8 /* Build configuration list for PBXNativeTarget "MezzoProt1" */;
			buildPhases = (
				8D1EF90E1963941800D9D8B8 /* Sources */,
				8D1EF90F1963941800D9D8B8 /* Frameworks */,
				8D1EF9101963941800D9D8B8 /* Resources */,
			);
			buildRules = (
			);
			dependencies = (
			);
			name = MezzoProt1;
			productName = MezzoProt1;
			productReference = 8D1EF9121963941800D9D8B8 /* MezzoProt1.app */;
			productType = "com.apple.product-type.application";
		};
		8D1EF9321963941800D9D8B8 /* MezzoProt1Tests */ = {
			isa = PBXNativeTarget;
			buildConfigurationList = 8D1EF9471963941800D9D8B8 /* Build configuration list for PBXNativeTarget "MezzoProt1Tests" */;
			buildPhases = (
				8D1EF92F1963941800D9D8B8 /* Sources */,
				8D1EF9301963941800D9D8B8 /* Frameworks */,
				8D1EF9311963941800D9D8B8 /* Resources */,
			);
			buildRules = (
			);
			dependencies = (
				8D1EF9391963941800D9D8B8 /* PBXTargetDependency */,
			);
			name = MezzoProt1Tests;
			productName = MezzoProt1Tests;
			productReference = 8D1EF9331963941800D9D8B8 /* MezzoProt1Tests.xctest */;
			productType = "com.apple.product-type.bundle.unit-test";
		};
/* End PBXNativeTarget section */

/* Begin PBXProject section */
		8D1EF90A1963941800D9D8B8 /* Project object */ = {
			isa = PBXProject;
			attributes = {
				CLASSPREFIX = Mezzo;
				LastUpgradeCheck = 0510;
				ORGANIZATIONNAME = Mezzo;
				TargetAttributes = {
					8D1EF9321963941800D9D8B8 = {
						TestTargetID = 8D1EF9111963941800D9D8B8;
					};
				};
			};
			buildConfigurationList = 8D1EF90D1963941800D9D8B8 /* Build configuration list for PBXProject "MezzoProt1" */;
			compatibilityVersion = "Xcode 3.2";
			developmentRegion = English;
			hasScannedForEncodings = 0;
			knownRegions = (
				en,
				Base,
			);
			mainGroup = 8D1EF9091963941800D9D8B8;
			productRefGroup = 8D1EF9131963941800D9D8B8 /* Products */;
			projectDirPath = "";
			projectRoot = "";
			targets = (
				8D1EF9111963941800D9D8B8 /* MezzoProt1 */,
				8D1EF9321963941800D9D8B8 /* MezzoProt1Tests */,
			);
		};
/* End PBXProject section */

/* Begin PBXResourcesBuildPhase section */
		8D1EF9101963941800D9D8B8 /* Resources */ = {
			isa = PBXResourcesBuildPhase;
			buildActionMask = 2147483647;
			files = (
				8D1EF92E1963941800D9D8B8 /* Images.xcassets in Resources */,
				8D1EF9201963941800D9D8B8 /* InfoPlist.strings in Resources */,
				8D1EF9291963941800D9D8B8 /* Main.storyboard in Resources */,
			);
			runOnlyForDeploymentPostprocessing = 0;
		};
		8D1EF9311963941800D9D8B8 /* Resources */ = {
			isa = PBXResourcesBuildPhase;
			buildActionMask = 2147483647;
			files = (
				8D1EF93F1963941800D9D8B8 /* InfoPlist.strings in Resources */,
			);
			runOnlyForDeploymentPostprocessing = 0;
		};
/* End PBXResourcesBuildPhase section */

/* Begin PBXSourcesBuildPhase section */
		8D1EF90E1963941800D9D8B8 /* Sources */ = {
			isa = PBXSourcesBuildPhase;
			buildActionMask = 2147483647;
			files = (
				8D1EF9261963941800D9D8B8 /* MezzoAppDelegate.m in Sources */,
				8D1EF92C1963941800D9D8B8 /* MezzoViewController.m in Sources */,
				8D1EF9221963941800D9D8B8 /* main.m in Sources */,
			);
			runOnlyForDeploymentPostprocessing = 0;
		};
		8D1EF92F1963941800D9D8B8 /* Sources */ = {
			isa = PBXSourcesBuildPhase;
			buildActionMask = 2147483647;
			files = (
				8D1EF9411963941800D9D8B8 /* MezzoProt1Tests.m in Sources */,
			);
			runOnlyForDeploymentPostprocessing = 0;
		};
/* End PBXSourcesBuildPhase section */

/* Begin PBXTargetDependency section */
		8D1EF9391963941800D9D8B8 /* PBXTargetDependency */ = {
			isa = PBXTargetDependency;
			target = 8D1EF9111963941800D9D8B8 /* MezzoProt1 */;
			targetProxy = 8D1EF9381963941800D9D8B8 /* PBXContainerItemProxy */;
		};
/* End PBXTargetDependency section */

/* Begin PBXVariantGroup section */
		8D1EF91E1963941800D9D8B8 /* InfoPlist.strings */ = {
			isa = PBXVariantGroup;
			children = (
				8D1EF91F1963941800D9D8B8 /* en */,
			);
			name = InfoPlist.strings;
			sourceTree = "<group>";
		};
		8D1EF9271963941800D9D8B8 /* Main.storyboard */ = {
			isa = PBXVariantGroup;
			children = (
				8D1EF9281963941800D9D8B8 /* Base */,
			);
			name = Main.storyboard;
			sourceTree = "<group>";
		};
		8D1EF93D1963941800D9D8B8 /* InfoPlist.strings */ = {
			isa = PBXVariantGroup;
			children = (
				8D1EF93E1963941800D9D8B8 /* en */,
			);
			name = InfoPlist.strings;
			sourceTree = "<group>";
		};
/* End PBXVariantGroup section */

/* Begin XCBuildConfiguration section */
		8D1EF9421963941800D9D8B8 /* Debug */ = {
			isa = XCBuildConfiguration;
			buildSettings = {
				ALWAYS_SEARCH_USER_PATHS = NO;
				CLANG_CXX_LANGUAGE_STANDARD = "gnu++0x";
				CLANG_CXX_LIBRARY = "libc++";
				CLANG_ENABLE_MODULES = YES;
				CLANG_ENABLE_OBJC_ARC = YES;
				CLANG_WARN_BOOL_CONVERSION = YES;
				CLANG_WARN_CONSTANT_CONVERSION = YES;
				CLANG_WARN_DIRECT_OBJC_ISA_USAGE = YES_ERROR;
				CLANG_WARN_EMPTY_BODY = YES;
				CLANG_WARN_ENUM_CONVERSION = YES;
				CLANG_WARN_INT_CONVERSION = YES;
				CLANG_WARN_OBJC_ROOT_CLASS = YES_ERROR;
				CLANG_WARN__DUPLICATE_METHOD_MATCH = YES;
				"CODE_SIGN_IDENTITY[sdk=iphoneos*]" = "iPhone Developer";
				COPY_PHASE_STRIP = NO;
				GCC_C_LANGUAGE_STANDARD = gnu99;
				GCC_DYNAMIC_NO_PIC = NO;
				GCC_OPTIMIZATION_LEVEL = 0;
				GCC_PREPROCESSOR_DEFINITIONS = (
					"DEBUG=1",
					"$(inherited)",
				);
				GCC_SYMBOLS_PRIVATE_EXTERN = NO;
				GCC_WARN_64_TO_32_BIT_CONVERSION = YES;
				GCC_WARN_ABOUT_RETURN_TYPE = YES_ERROR;
				GCC_WARN_UNDECLARED_SELECTOR = YES;
				GCC_WARN_UNINITIALIZED_AUTOS = YES_AGGRESSIVE;
				GCC_WARN_UNUSED_FUNCTION = YES;
				GCC_WARN_UNUSED_VARIABLE = YES;
				IPHONEOS_DEPLOYMENT_TARGET = 7.1;
				ONLY_ACTIVE_ARCH = YES;
				SDKROOT = iphoneos;
			};
			name = Debug;
		};
		8D1EF9431963941800D9D8B8 /* Release */ = {
			isa = XCBuildConfiguration;
			buildSettings = {
				ALWAYS_SEARCH_USER_PATHS = NO;
				CLANG_CXX_LANGUAGE_STANDARD = "gnu++0x";
				CLANG_CXX_LIBRARY = "libc++";
				CLANG_ENABLE_MODULES = YES;
				CLANG_ENABLE_OBJC_ARC = YES;
				CLANG_WARN_BOOL_CONVERSION = YES;
				CLANG_WARN_CONSTANT_CONVERSION = YES;
				CLANG_WARN_DIRECT_OBJC_ISA_USAGE = YES_ERROR;
				CLANG_WARN_EMPTY_BODY = YES;
				CLANG_WARN_ENUM_CONVERSION = YES;
				CLANG_WARN_INT_CONVERSION = YES;
				CLANG_WARN_OBJC_ROOT_CLASS = YES_ERROR;
				CLANG_WARN__DUPLICATE_METHOD_MATCH = YES;
				"CODE_SIGN_IDENTITY[sdk=iphoneos*]" = "iPhone Developer";
				COPY_PHASE_STRIP = YES;
				ENABLE_NS_ASSERTIONS = NO;
				GCC_C_LANGUAGE_STANDARD = gnu99;
				GCC_WARN_64_TO_32_BIT_CONVERSION = YES;
				GCC_WARN_ABOUT_RETURN_TYPE = YES_ERROR;
				GCC_WARN_UNDECLARED_SELECTOR = YES;
				GCC_WARN_UNINITIALIZED_AUTOS = YES_AGGRESSIVE;
				GCC_WARN_UNUSED_FUNCTION = YES;
				GCC_WARN_UNUSED_VARIABLE = YES;
				IPHONEOS_DEPLOYMENT_TARGET = 7.1;
				SDKROOT = iphoneos;
				VALIDATE_PRODUCT = YES;
			};
			name = Release;
		};
		8D1EF9451963941800D9D8B8 /* Debug */ = {
			isa = XCBuildConfiguration;
			buildSettings = {
				ASSETCATALOG_COMPILER_APPICON_NAME = AppIcon;
				ASSETCATALOG_COMPILER_LAUNCHIMAGE_NAME = LaunchImage;
				GCC_PRECOMPILE_PREFIX_HEADER = YES;
				GCC_PREFIX_HEADER = "MezzoProt1/MezzoProt1-Prefix.pch";
				INFOPLIST_FILE = "MezzoProt1/MezzoProt1-Info.plist";
				PRODUCT_NAME = "$(TARGET_NAME)";
				WRAPPER_EXTENSION = app;
			};
			name = Debug;
		};
		8D1EF9461963941800D9D8B8 /* Release */ = {
			isa = XCBuildConfiguration;
			buildSettings = {
				ASSETCATALOG_COMPILER_APPICON_NAME = AppIcon;
				ASSETCATALOG_COMPILER_LAUNCHIMAGE_NAME = LaunchImage;
				GCC_PRECOMPILE_PREFIX_HEADER = YES;
				GCC_PREFIX_HEADER = "MezzoProt1/MezzoProt1-Prefix.pch";
				INFOPLIST_FILE = "MezzoProt1/MezzoProt1-Info.plist";
				PRODUCT_NAME = "$(TARGET_NAME)";
				WRAPPER_EXTENSION = app;
			};
			name = Release;
		};
		8D1EF9481963941800D9D8B8 /* Debug */ = {
			isa = XCBuildConfiguration;
			buildSettings = {
				BUNDLE_LOADER = "$(BUILT_PRODUCTS_DIR)/MezzoProt1.app/MezzoProt1";
				FRAMEWORK_SEARCH_PATHS = (
					"$(SDKROOT)/Developer/Library/Frameworks",
					"$(inherited)",
					"$(DEVELOPER_FRAMEWORKS_DIR)",
				);
				GCC_PRECOMPILE_PREFIX_HEADER = YES;
				GCC_PREFIX_HEADER = "MezzoProt1/MezzoProt1-Prefix.pch";
				GCC_PREPROCESSOR_DEFINITIONS = (
					"DEBUG=1",
					"$(inherited)",
				);
				INFOPLIST_FILE = "MezzoProt1Tests/MezzoProt1Tests-Info.plist";
				PRODUCT_NAME = "$(TARGET_NAME)";
				TEST_HOST = "$(BUNDLE_LOADER)";
				WRAPPER_EXTENSION = xctest;
			};
			name = Debug;
		};
		8D1EF9491963941800D9D8B8 /* Release */ = {
			isa = XCBuildConfiguration;
			buildSettings = {
				BUNDLE_LOADER = "$(BUILT_PRODUCTS_DIR)/MezzoProt1.app/MezzoProt1";
				FRAMEWORK_SEARCH_PATHS = (
					"$(SDKROOT)/Developer/Library/Frameworks",
					"$(inherited)",
					"$(DEVELOPER_FRAMEWORKS_DIR)",
				);
				GCC_PRECOMPILE_PREFIX_HEADER = YES;
				GCC_PREFIX_HEADER = "MezzoProt1/MezzoProt1-Prefix.pch";
				INFOPLIST_FILE = "MezzoProt1Tests/MezzoProt1Tests-Info.plist";
				PRODUCT_NAME = "$(TARGET_NAME)";
				TEST_HOST = "$(BUNDLE_LOADER)";
				WRAPPER_EXTENSION = xctest;
			};
			name = Release;
		};
/* End XCBuildConfiguration section */

/* Begin XCConfigurationList section */
		8D1EF90D1963941800D9D8B8 /* Build configuration list for PBXProject "MezzoProt1" */ = {
			isa = XCConfigurationList;
			buildConfigurations = (
				8D1EF9421963941800D9D8B8 /* Debug */,
				8D1EF9431963941800D9D8B8 /* Release */,
			);
			defaultConfigurationIsVisible = 0;
			defaultConfigurationName = Release;
		};
		8D1EF9441963941800D9D8B8 /* Build configuration list for PBXNativeTarget "MezzoProt1" */ = {
			isa = XCConfigurationList;
			buildConfigurations = (
				8D1EF9451963941800D9D8B8 /* Debug */,
				8D1EF9461963941800D9D8B8 /* Release */,
			);
			defaultConfigurationIsVisible = 0;
		};
		8D1EF9471963941800D9D8B8 /* Build configuration list for PBXNativeTarget "MezzoProt1Tests" */ = {
			isa = XCConfigurationList;
			buildConfigurations = (
				8D1EF9481963941800D9D8B8 /* Debug */,
				8D1EF9491963941800D9D8B8 /* Release */,
			);
			defaultConfigurationIsVisible = 0;
		};
/* End XCConfigurationList section */
	};
	rootObject = 8D1EF90A1963941800D9D8B8 /* Project object */;
}
