// !$*UTF8*$!
{
	archiveVersion = 1;
	classes = {
	};
	objectVersion = 46;
	objects = {

/* Begin PBXBuildFile section */
		8D1EF9161963941800D9D8B8 /* Foundation.framework in Frameworks */ = {isa = PBXBuildFile; fileRef = 8D1EF9151963941800D9D8B8 /* Foundation.framework */; };
		8D1EF9181963941800D9D8B8 /* CoreGraphics.framework in Frameworks */ = {isa = PBXBuildFile; fileRef = 8D1EF9171963941800D9D8B8 /* CoreGraphics.framework */; };
		8D1EF91A1963941800D9D8B8 /* UIKit.framework in Frameworks */ = {isa = PBXBuildFile; fileRef = 8D1EF9191963941800D9D8B8 /* UIKit.framework */; };
		8D1EF9201963941800D9D8B8 /* InfoPlist.strings in Resources */ = {isa = PBXBuildFile; fileRef = 8D1EF91E1963941800D9D8B8 /* InfoPlist.strings */; };
		8D1EF9221963941800D9D8B8 /* main.m in Sources */ = {isa = PBXBuildFile; fileRef = 8D1EF9211963941800D9D8B8 /* main.m */; };
		8D1EF9261963941800D9D8B8 /* MezzoAppDelegate.m in Sources */ = {isa = PBXBuildFile; fileRef = 8D1EF9251963941800D9D8B8 /* MezzoAppDelegate.m */; };
		8D1EF9291963941800D9D8B8 /* Main.storyboard in Resources */ = {isa = PBXBuildFile; fileRef = 8D1EF9271963941800D9D8B8 /* Main.storyboard */; };
		8D1EF92C1963941800D9D8B8 /* MezzoViewController.m in Sources */ = {isa = PBXBuildFile; fileRef = 8D1EF92B1963941800D9D8B8 /* MezzoViewController.m */; };
		8D1EF92E1963941800D9D8B8 /* Images.xcassets in Resources */ = {isa = PBXBuildFile; fileRef = 8D1EF92D1963941800D9D8B8 /* Images.xcassets */; };
		8D1EF9351963941800D9D8B8 /* XCTest.framework in Frameworks */ = {isa = PBXBuildFile; fileRef = 8D1EF9341963941800D9D8B8 /* XCTest.framework */; };
		8D1EF9361963941800D9D8B8 /* Foundation.framework in Frameworks */ = {isa = PBXBuildFile; fileRef = 8D1EF9151963941800D9D8B8 /* Foundation.framework */; };
		8D1EF9371963941800D9D8B8 /* UIKit.framework in Frameworks */ = {isa = PBXBuildFile; fileRef = 8D1EF9191963941800D9D8B8 /* UIKit.framework */; };
		8D1EF93F1963941800D9D8B8 /* InfoPlist.strings in Resources */ = {isa = PBXBuildFile; fileRef = 8D1EF93D1963941800D9D8B8 /* InfoPlist.strings */; };
		8D1EF9411963941800D9D8B8 /* MezzoProt1Tests.m in Sources */ = {isa = PBXBuildFile; fileRef = 8D1EF9401963941800D9D8B8 /* MezzoProt1Tests.m */; };
		8D52A49819649ABA00392EB2 /* CurrentDonationsTableViewController.m in Sources */ = {isa = PBXBuildFile; fileRef = 8D52A49719649ABA00392EB2 /* CurrentDonationsTableViewController.m */; };
		8D5A5B8C196D973900974183 /* DonationDetailsTableViewController.m in Sources */ = {isa = PBXBuildFile; fileRef = 8D5A5B8B196D973900974183 /* DonationDetailsTableViewController.m */; };
		8D878C3819648221002780C4 /* NewDonationTableViewController.m in Sources */ = {isa = PBXBuildFile; fileRef = 8D878C3719648221002780C4 /* NewDonationTableViewController.m */; };
		8D878C3B19648E1A002780C4 /* ChooseOrgTableViewController.m in Sources */ = {isa = PBXBuildFile; fileRef = 8D878C3A19648E1A002780C4 /* ChooseOrgTableViewController.m */; };
		8D878C4319648F89002780C4 /* Donation.m in Sources */ = {isa = PBXBuildFile; fileRef = 8D878C3E19648F89002780C4 /* Donation.m */; };
		8D878C4419648F89002780C4 /* FoodPortion.m in Sources */ = {isa = PBXBuildFile; fileRef = 8D878C4019648F89002780C4 /* FoodPortion.m */; };
		8D878C4519648F89002780C4 /* Stakeholder.m in Sources */ = {isa = PBXBuildFile; fileRef = 8D878C4219648F89002780C4 /* Stakeholder.m */; };
		8D878C4819649131002780C4 /* MezzoPrototypeData.m in Sources */ = {isa = PBXBuildFile; fileRef = 8D878C4719649131002780C4 /* MezzoPrototypeData.m */; };
		8DBADE1C19685DDF00CC66C8 /* MezzoCurrentDonationTableViewCell.m in Sources */ = {isa = PBXBuildFile; fileRef = 8DBADE1B19685DDF00CC66C8 /* MezzoCurrentDonationTableViewCell.m */; };
		8DF9C6CD1A05BC1E0043B5F1 /* Message.m in Sources */ = {isa = PBXBuildFile; fileRef = 8DF9C6CC1A05BC1E0043B5F1 /* Message.m */; };
		8DF9C6D01A05BC370043B5F1 /* MessageSender.m in Sources */ = {isa = PBXBuildFile; fileRef = 8DF9C6CF1A05BC370043B5F1 /* MessageSender.m */; };
		8DF9C6D41A05C0130043B5F1 /* SendMessageViewController.m in Sources */ = {isa = PBXBuildFile; fileRef = 8DF9C6D31A05C0130043B5F1 /* SendMessageViewController.m */; };
		8DFC678D1A48930400E59C4B /* AFHTTPRequestOperation.m in Sources */ = {isa = PBXBuildFile; fileRef = 8DFC67691A48930400E59C4B /* AFHTTPRequestOperation.m */; };
		8DFC678E1A48930400E59C4B /* AFHTTPRequestOperationManager.m in Sources */ = {isa = PBXBuildFile; fileRef = 8DFC676B1A48930400E59C4B /* AFHTTPRequestOperationManager.m */; };
		8DFC678F1A48930400E59C4B /* AFHTTPSessionManager.m in Sources */ = {isa = PBXBuildFile; fileRef = 8DFC676D1A48930400E59C4B /* AFHTTPSessionManager.m */; };
		8DFC67901A48930400E59C4B /* AFNetworkReachabilityManager.m in Sources */ = {isa = PBXBuildFile; fileRef = 8DFC67701A48930400E59C4B /* AFNetworkReachabilityManager.m */; };
		8DFC67911A48930400E59C4B /* AFSecurityPolicy.m in Sources */ = {isa = PBXBuildFile; fileRef = 8DFC67721A48930400E59C4B /* AFSecurityPolicy.m */; };
		8DFC67921A48930400E59C4B /* AFURLConnectionOperation.m in Sources */ = {isa = PBXBuildFile; fileRef = 8DFC67741A48930400E59C4B /* AFURLConnectionOperation.m */; };
		8DFC67931A48930400E59C4B /* AFURLRequestSerialization.m in Sources */ = {isa = PBXBuildFile; fileRef = 8DFC67761A48930400E59C4B /* AFURLRequestSerialization.m */; };
		8DFC67941A48930400E59C4B /* AFURLResponseSerialization.m in Sources */ = {isa = PBXBuildFile; fileRef = 8DFC67781A48930400E59C4B /* AFURLResponseSerialization.m */; };
		8DFC67951A48930400E59C4B /* AFURLSessionManager.m in Sources */ = {isa = PBXBuildFile; fileRef = 8DFC677A1A48930400E59C4B /* AFURLSessionManager.m */; };
		8DFC67961A48930400E59C4B /* AFNetworkActivityIndicatorManager.m in Sources */ = {isa = PBXBuildFile; fileRef = 8DFC677D1A48930400E59C4B /* AFNetworkActivityIndicatorManager.m */; };
		8DFC67971A48930400E59C4B /* UIActivityIndicatorView+AFNetworking.m in Sources */ = {isa = PBXBuildFile; fileRef = 8DFC677F1A48930400E59C4B /* UIActivityIndicatorView+AFNetworking.m */; };
		8DFC67981A48930400E59C4B /* UIAlertView+AFNetworking.m in Sources */ = {isa = PBXBuildFile; fileRef = 8DFC67811A48930400E59C4B /* UIAlertView+AFNetworking.m */; };
		8DFC67991A48930400E59C4B /* UIButton+AFNetworking.m in Sources */ = {isa = PBXBuildFile; fileRef = 8DFC67831A48930400E59C4B /* UIButton+AFNetworking.m */; };
		8DFC679A1A48930400E59C4B /* UIImageView+AFNetworking.m in Sources */ = {isa = PBXBuildFile; fileRef = 8DFC67851A48930400E59C4B /* UIImageView+AFNetworking.m */; };
		8DFC679B1A48930400E59C4B /* UIProgressView+AFNetworking.m in Sources */ = {isa = PBXBuildFile; fileRef = 8DFC67881A48930400E59C4B /* UIProgressView+AFNetworking.m */; };
		8DFC679C1A48930400E59C4B /* UIRefreshControl+AFNetworking.m in Sources */ = {isa = PBXBuildFile; fileRef = 8DFC678A1A48930400E59C4B /* UIRefreshControl+AFNetworking.m */; };
		8DFC679D1A48930400E59C4B /* UIWebView+AFNetworking.m in Sources */ = {isa = PBXBuildFile; fileRef = 8DFC678C1A48930400E59C4B /* UIWebView+AFNetworking.m */; };
		8DFC67A11A48FCD700E59C4B /* DonationDownloader.m in Sources */ = {isa = PBXBuildFile; fileRef = 8DFC67A01A48FCD700E59C4B /* DonationDownloader.m */; };
		8DFC67A71A49232300E59C4B /* NSDictionary+Donation.m in Sources */ = {isa = PBXBuildFile; fileRef = 8DFC67A61A49232300E59C4B /* NSDictionary+Donation.m */; };
/* End PBXBuildFile section */

/* Begin PBXContainerItemProxy section */
		8D1EF9381963941800D9D8B8 /* PBXContainerItemProxy */ = {
			isa = PBXContainerItemProxy;
			containerPortal = 8D1EF90A1963941800D9D8B8 /* Project object */;
			proxyType = 1;
			remoteGlobalIDString = 8D1EF9111963941800D9D8B8;
			remoteInfo = MezzoProt1;
		};
/* End PBXContainerItemProxy section */

/* Begin PBXFileReference section */
		8D1EF9121963941800D9D8B8 /* MezzoProt1.app */ = {isa = PBXFileReference; explicitFileType = wrapper.application; includeInIndex = 0; path = MezzoProt1.app; sourceTree = BUILT_PRODUCTS_DIR; };
		8D1EF9151963941800D9D8B8 /* Foundation.framework */ = {isa = PBXFileReference; lastKnownFileType = wrapper.framework; name = Foundation.framework; path = System/Library/Frameworks/Foundation.framework; sourceTree = SDKROOT; };
		8D1EF9171963941800D9D8B8 /* CoreGraphics.framework */ = {isa = PBXFileReference; lastKnownFileType = wrapper.framework; name = CoreGraphics.framework; path = System/Library/Frameworks/CoreGraphics.framework; sourceTree = SDKROOT; };
		8D1EF9191963941800D9D8B8 /* UIKit.framework */ = {isa = PBXFileReference; lastKnownFileType = wrapper.framework; name = UIKit.framework; path = System/Library/Frameworks/UIKit.framework; sourceTree = SDKROOT; };
		8D1EF91D1963941800D9D8B8 /* MezzoProt1-Info.plist */ = {isa = PBXFileReference; lastKnownFileType = text.plist.xml; path = "MezzoProt1-Info.plist"; sourceTree = "<group>"; };
		8D1EF91F1963941800D9D8B8 /* en */ = {isa = PBXFileReference; lastKnownFileType = text.plist.strings; name = en; path = en.lproj/InfoPlist.strings; sourceTree = "<group>"; };
		8D1EF9211963941800D9D8B8 /* main.m */ = {isa = PBXFileReference; lastKnownFileType = sourcecode.c.objc; path = main.m; sourceTree = "<group>"; };
		8D1EF9231963941800D9D8B8 /* MezzoProt1-Prefix.pch */ = {isa = PBXFileReference; lastKnownFileType = sourcecode.c.h; path = "MezzoProt1-Prefix.pch"; sourceTree = "<group>"; };
		8D1EF9241963941800D9D8B8 /* MezzoAppDelegate.h */ = {isa = PBXFileReference; lastKnownFileType = sourcecode.c.h; path = MezzoAppDelegate.h; sourceTree = "<group>"; };
		8D1EF9251963941800D9D8B8 /* MezzoAppDelegate.m */ = {isa = PBXFileReference; lastKnownFileType = sourcecode.c.objc; path = MezzoAppDelegate.m; sourceTree = "<group>"; };
		8D1EF9281963941800D9D8B8 /* Base */ = {isa = PBXFileReference; lastKnownFileType = file.storyboard; name = Base; path = Base.lproj/Main.storyboard; sourceTree = "<group>"; };
		8D1EF92A1963941800D9D8B8 /* MezzoViewController.h */ = {isa = PBXFileReference; lastKnownFileType = sourcecode.c.h; path = MezzoViewController.h; sourceTree = "<group>"; };
		8D1EF92B1963941800D9D8B8 /* MezzoViewController.m */ = {isa = PBXFileReference; lastKnownFileType = sourcecode.c.objc; path = MezzoViewController.m; sourceTree = "<group>"; };
		8D1EF92D1963941800D9D8B8 /* Images.xcassets */ = {isa = PBXFileReference; lastKnownFileType = folder.assetcatalog; path = Images.xcassets; sourceTree = "<group>"; };
		8D1EF9331963941800D9D8B8 /* MezzoProt1Tests.xctest */ = {isa = PBXFileReference; explicitFileType = wrapper.cfbundle; includeInIndex = 0; path = MezzoProt1Tests.xctest; sourceTree = BUILT_PRODUCTS_DIR; };
		8D1EF9341963941800D9D8B8 /* XCTest.framework */ = {isa = PBXFileReference; lastKnownFileType = wrapper.framework; name = XCTest.framework; path = Library/Frameworks/XCTest.framework; sourceTree = DEVELOPER_DIR; };
		8D1EF93C1963941800D9D8B8 /* MezzoProt1Tests-Info.plist */ = {isa = PBXFileReference; lastKnownFileType = text.plist.xml; path = "MezzoProt1Tests-Info.plist"; sourceTree = "<group>"; };
		8D1EF93E1963941800D9D8B8 /* en */ = {isa = PBXFileReference; lastKnownFileType = text.plist.strings; name = en; path = en.lproj/InfoPlist.strings; sourceTree = "<group>"; };
		8D1EF9401963941800D9D8B8 /* MezzoProt1Tests.m */ = {isa = PBXFileReference; lastKnownFileType = sourcecode.c.objc; path = MezzoProt1Tests.m; sourceTree = "<group>"; };
		8D52A49619649ABA00392EB2 /* CurrentDonationsTableViewController.h */ = {isa = PBXFileReference; fileEncoding = 4; lastKnownFileType = sourcecode.c.h; path = CurrentDonationsTableViewController.h; sourceTree = "<group>"; };
		8D52A49719649ABA00392EB2 /* CurrentDonationsTableViewController.m */ = {isa = PBXFileReference; fileEncoding = 4; lastKnownFileType = sourcecode.c.objc; path = CurrentDonationsTableViewController.m; sourceTree = "<group>"; };
		8D5A5B8A196D973900974183 /* DonationDetailsTableViewController.h */ = {isa = PBXFileReference; fileEncoding = 4; lastKnownFileType = sourcecode.c.h; path = DonationDetailsTableViewController.h; sourceTree = "<group>"; };
		8D5A5B8B196D973900974183 /* DonationDetailsTableViewController.m */ = {isa = PBXFileReference; fileEncoding = 4; lastKnownFileType = sourcecode.c.objc; path = DonationDetailsTableViewController.m; sourceTree = "<group>"; };
		8D878C3619648221002780C4 /* NewDonationTableViewController.h */ = {isa = PBXFileReference; fileEncoding = 4; lastKnownFileType = sourcecode.c.h; path = NewDonationTableViewController.h; sourceTree = "<group>"; };
		8D878C3719648221002780C4 /* NewDonationTableViewController.m */ = {isa = PBXFileReference; fileEncoding = 4; lastKnownFileType = sourcecode.c.objc; path = NewDonationTableViewController.m; sourceTree = "<group>"; };
		8D878C3919648E1A002780C4 /* ChooseOrgTableViewController.h */ = {isa = PBXFileReference; fileEncoding = 4; lastKnownFileType = sourcecode.c.h; path = ChooseOrgTableViewController.h; sourceTree = "<group>"; };
		8D878C3A19648E1A002780C4 /* ChooseOrgTableViewController.m */ = {isa = PBXFileReference; fileEncoding = 4; lastKnownFileType = sourcecode.c.objc; path = ChooseOrgTableViewController.m; sourceTree = "<group>"; };
		8D878C3D19648F89002780C4 /* Donation.h */ = {isa = PBXFileReference; fileEncoding = 4; lastKnownFileType = sourcecode.c.h; path = Donation.h; sourceTree = "<group>"; };
		8D878C3E19648F89002780C4 /* Donation.m */ = {isa = PBXFileReference; fileEncoding = 4; lastKnownFileType = sourcecode.c.objc; path = Donation.m; sourceTree = "<group>"; };
		8D878C3F19648F89002780C4 /* FoodPortion.h */ = {isa = PBXFileReference; fileEncoding = 4; lastKnownFileType = sourcecode.c.h; path = FoodPortion.h; sourceTree = "<group>"; };
		8D878C4019648F89002780C4 /* FoodPortion.m */ = {isa = PBXFileReference; fileEncoding = 4; lastKnownFileType = sourcecode.c.objc; path = FoodPortion.m; sourceTree = "<group>"; };
		8D878C4119648F89002780C4 /* Stakeholder.h */ = {isa = PBXFileReference; fileEncoding = 4; lastKnownFileType = sourcecode.c.h; path = Stakeholder.h; sourceTree = "<group>"; };
		8D878C4219648F89002780C4 /* Stakeholder.m */ = {isa = PBXFileReference; fileEncoding = 4; lastKnownFileType = sourcecode.c.objc; path = Stakeholder.m; sourceTree = "<group>"; };
		8D878C4619649131002780C4 /* MezzoPrototypeData.h */ = {isa = PBXFileReference; fileEncoding = 4; lastKnownFileType = sourcecode.c.h; path = MezzoPrototypeData.h; sourceTree = "<group>"; };
		8D878C4719649131002780C4 /* MezzoPrototypeData.m */ = {isa = PBXFileReference; fileEncoding = 4; lastKnownFileType = sourcecode.c.objc; path = MezzoPrototypeData.m; sourceTree = "<group>"; };
		8DBADE1A19685DDF00CC66C8 /* MezzoCurrentDonationTableViewCell.h */ = {isa = PBXFileReference; fileEncoding = 4; lastKnownFileType = sourcecode.c.h; path = MezzoCurrentDonationTableViewCell.h; sourceTree = "<group>"; };
		8DBADE1B19685DDF00CC66C8 /* MezzoCurrentDonationTableViewCell.m */ = {isa = PBXFileReference; fileEncoding = 4; lastKnownFileType = sourcecode.c.objc; path = MezzoCurrentDonationTableViewCell.m; sourceTree = "<group>"; };
		8DF9C6CB1A05BC1E0043B5F1 /* Message.h */ = {isa = PBXFileReference; fileEncoding = 4; lastKnownFileType = sourcecode.c.h; name = Message.h; path = Messaging/Message.h; sourceTree = "<group>"; };
		8DF9C6CC1A05BC1E0043B5F1 /* Message.m */ = {isa = PBXFileReference; fileEncoding = 4; lastKnownFileType = sourcecode.c.objc; name = Message.m; path = Messaging/Message.m; sourceTree = "<group>"; };
		8DF9C6CE1A05BC370043B5F1 /* MessageSender.h */ = {isa = PBXFileReference; fileEncoding = 4; lastKnownFileType = sourcecode.c.h; name = MessageSender.h; path = Messaging/MessageSender.h; sourceTree = "<group>"; };
		8DF9C6CF1A05BC370043B5F1 /* MessageSender.m */ = {isa = PBXFileReference; fileEncoding = 4; lastKnownFileType = sourcecode.c.objc; name = MessageSender.m; path = Messaging/MessageSender.m; sourceTree = "<group>"; };
		8DF9C6D21A05C0130043B5F1 /* SendMessageViewController.h */ = {isa = PBXFileReference; fileEncoding = 4; lastKnownFileType = sourcecode.c.h; name = SendMessageViewController.h; path = Messaging/SendMessageViewController.h; sourceTree = "<group>"; };
		8DF9C6D31A05C0130043B5F1 /* SendMessageViewController.m */ = {isa = PBXFileReference; fileEncoding = 4; lastKnownFileType = sourcecode.c.objc; name = SendMessageViewController.m; path = Messaging/SendMessageViewController.m; sourceTree = "<group>"; };
		8DFC67681A48930400E59C4B /* AFHTTPRequestOperation.h */ = {isa = PBXFileReference; fileEncoding = 4; lastKnownFileType = sourcecode.c.h; path = AFHTTPRequestOperation.h; sourceTree = "<group>"; };
		8DFC67691A48930400E59C4B /* AFHTTPRequestOperation.m */ = {isa = PBXFileReference; fileEncoding = 4; lastKnownFileType = sourcecode.c.objc; path = AFHTTPRequestOperation.m; sourceTree = "<group>"; };
		8DFC676A1A48930400E59C4B /* AFHTTPRequestOperationManager.h */ = {isa = PBXFileReference; fileEncoding = 4; lastKnownFileType = sourcecode.c.h; path = AFHTTPRequestOperationManager.h; sourceTree = "<group>"; };
		8DFC676B1A48930400E59C4B /* AFHTTPRequestOperationManager.m */ = {isa = PBXFileReference; fileEncoding = 4; lastKnownFileType = sourcecode.c.objc; path = AFHTTPRequestOperationManager.m; sourceTree = "<group>"; };
		8DFC676C1A48930400E59C4B /* AFHTTPSessionManager.h */ = {isa = PBXFileReference; fileEncoding = 4; lastKnownFileType = sourcecode.c.h; path = AFHTTPSessionManager.h; sourceTree = "<group>"; };
		8DFC676D1A48930400E59C4B /* AFHTTPSessionManager.m */ = {isa = PBXFileReference; fileEncoding = 4; lastKnownFileType = sourcecode.c.objc; path = AFHTTPSessionManager.m; sourceTree = "<group>"; };
		8DFC676E1A48930400E59C4B /* AFNetworking.h */ = {isa = PBXFileReference; fileEncoding = 4; lastKnownFileType = sourcecode.c.h; path = AFNetworking.h; sourceTree = "<group>"; };
		8DFC676F1A48930400E59C4B /* AFNetworkReachabilityManager.h */ = {isa = PBXFileReference; fileEncoding = 4; lastKnownFileType = sourcecode.c.h; path = AFNetworkReachabilityManager.h; sourceTree = "<group>"; };
		8DFC67701A48930400E59C4B /* AFNetworkReachabilityManager.m */ = {isa = PBXFileReference; fileEncoding = 4; lastKnownFileType = sourcecode.c.objc; path = AFNetworkReachabilityManager.m; sourceTree = "<group>"; };
		8DFC67711A48930400E59C4B /* AFSecurityPolicy.h */ = {isa = PBXFileReference; fileEncoding = 4; lastKnownFileType = sourcecode.c.h; path = AFSecurityPolicy.h; sourceTree = "<group>"; };
		8DFC67721A48930400E59C4B /* AFSecurityPolicy.m */ = {isa = PBXFileReference; fileEncoding = 4; lastKnownFileType = sourcecode.c.objc; path = AFSecurityPolicy.m; sourceTree = "<group>"; };
		8DFC67731A48930400E59C4B /* AFURLConnectionOperation.h */ = {isa = PBXFileReference; fileEncoding = 4; lastKnownFileType = sourcecode.c.h; path = AFURLConnectionOperation.h; sourceTree = "<group>"; };
		8DFC67741A48930400E59C4B /* AFURLConnectionOperation.m */ = {isa = PBXFileReference; fileEncoding = 4; lastKnownFileType = sourcecode.c.objc; path = AFURLConnectionOperation.m; sourceTree = "<group>"; };
		8DFC67751A48930400E59C4B /* AFURLRequestSerialization.h */ = {isa = PBXFileReference; fileEncoding = 4; lastKnownFileType = sourcecode.c.h; path = AFURLRequestSerialization.h; sourceTree = "<group>"; };
		8DFC67761A48930400E59C4B /* AFURLRequestSerialization.m */ = {isa = PBXFileReference; fileEncoding = 4; lastKnownFileType = sourcecode.c.objc; path = AFURLRequestSerialization.m; sourceTree = "<group>"; };
		8DFC67771A48930400E59C4B /* AFURLResponseSerialization.h */ = {isa = PBXFileReference; fileEncoding = 4; lastKnownFileType = sourcecode.c.h; path = AFURLResponseSerialization.h; sourceTree = "<group>"; };
		8DFC67781A48930400E59C4B /* AFURLResponseSerialization.m */ = {isa = PBXFileReference; fileEncoding = 4; lastKnownFileType = sourcecode.c.objc; path = AFURLResponseSerialization.m; sourceTree = "<group>"; };
		8DFC67791A48930400E59C4B /* AFURLSessionManager.h */ = {isa = PBXFileReference; fileEncoding = 4; lastKnownFileType = sourcecode.c.h; path = AFURLSessionManager.h; sourceTree = "<group>"; };
		8DFC677A1A48930400E59C4B /* AFURLSessionManager.m */ = {isa = PBXFileReference; fileEncoding = 4; lastKnownFileType = sourcecode.c.objc; path = AFURLSessionManager.m; sourceTree = "<group>"; };
		8DFC677C1A48930400E59C4B /* AFNetworkActivityIndicatorManager.h */ = {isa = PBXFileReference; fileEncoding = 4; lastKnownFileType = sourcecode.c.h; path = AFNetworkActivityIndicatorManager.h; sourceTree = "<group>"; };
		8DFC677D1A48930400E59C4B /* AFNetworkActivityIndicatorManager.m */ = {isa = PBXFileReference; fileEncoding = 4; lastKnownFileType = sourcecode.c.objc; path = AFNetworkActivityIndicatorManager.m; sourceTree = "<group>"; };
		8DFC677E1A48930400E59C4B /* UIActivityIndicatorView+AFNetworking.h */ = {isa = PBXFileReference; fileEncoding = 4; lastKnownFileType = sourcecode.c.h; path = "UIActivityIndicatorView+AFNetworking.h"; sourceTree = "<group>"; };
		8DFC677F1A48930400E59C4B /* UIActivityIndicatorView+AFNetworking.m */ = {isa = PBXFileReference; fileEncoding = 4; lastKnownFileType = sourcecode.c.objc; path = "UIActivityIndicatorView+AFNetworking.m"; sourceTree = "<group>"; };
		8DFC67801A48930400E59C4B /* UIAlertView+AFNetworking.h */ = {isa = PBXFileReference; fileEncoding = 4; lastKnownFileType = sourcecode.c.h; path = "UIAlertView+AFNetworking.h"; sourceTree = "<group>"; };
		8DFC67811A48930400E59C4B /* UIAlertView+AFNetworking.m */ = {isa = PBXFileReference; fileEncoding = 4; lastKnownFileType = sourcecode.c.objc; path = "UIAlertView+AFNetworking.m"; sourceTree = "<group>"; };
		8DFC67821A48930400E59C4B /* UIButton+AFNetworking.h */ = {isa = PBXFileReference; fileEncoding = 4; lastKnownFileType = sourcecode.c.h; path = "UIButton+AFNetworking.h"; sourceTree = "<group>"; };
		8DFC67831A48930400E59C4B /* UIButton+AFNetworking.m */ = {isa = PBXFileReference; fileEncoding = 4; lastKnownFileType = sourcecode.c.objc; path = "UIButton+AFNetworking.m"; sourceTree = "<group>"; };
		8DFC67841A48930400E59C4B /* UIImageView+AFNetworking.h */ = {isa = PBXFileReference; fileEncoding = 4; lastKnownFileType = sourcecode.c.h; path = "UIImageView+AFNetworking.h"; sourceTree = "<group>"; };
		8DFC67851A48930400E59C4B /* UIImageView+AFNetworking.m */ = {isa = PBXFileReference; fileEncoding = 4; lastKnownFileType = sourcecode.c.objc; path = "UIImageView+AFNetworking.m"; sourceTree = "<group>"; };
		8DFC67861A48930400E59C4B /* UIKit+AFNetworking.h */ = {isa = PBXFileReference; fileEncoding = 4; lastKnownFileType = sourcecode.c.h; path = "UIKit+AFNetworking.h"; sourceTree = "<group>"; };
		8DFC67871A48930400E59C4B /* UIProgressView+AFNetworking.h */ = {isa = PBXFileReference; fileEncoding = 4; lastKnownFileType = sourcecode.c.h; path = "UIProgressView+AFNetworking.h"; sourceTree = "<group>"; };
		8DFC67881A48930400E59C4B /* UIProgressView+AFNetworking.m */ = {isa = PBXFileReference; fileEncoding = 4; lastKnownFileType = sourcecode.c.objc; path = "UIProgressView+AFNetworking.m"; sourceTree = "<group>"; };
		8DFC67891A48930400E59C4B /* UIRefreshControl+AFNetworking.h */ = {isa = PBXFileReference; fileEncoding = 4; lastKnownFileType = sourcecode.c.h; path = "UIRefreshControl+AFNetworking.h"; sourceTree = "<group>"; };
		8DFC678A1A48930400E59C4B /* UIRefreshControl+AFNetworking.m */ = {isa = PBXFileReference; fileEncoding = 4; lastKnownFileType = sourcecode.c.objc; path = "UIRefreshControl+AFNetworking.m"; sourceTree = "<group>"; };
		8DFC678B1A48930400E59C4B /* UIWebView+AFNetworking.h */ = {isa = PBXFileReference; fileEncoding = 4; lastKnownFileType = sourcecode.c.h; path = "UIWebView+AFNetworking.h"; sourceTree = "<group>"; };
		8DFC678C1A48930400E59C4B /* UIWebView+AFNetworking.m */ = {isa = PBXFileReference; fileEncoding = 4; lastKnownFileType = sourcecode.c.objc; path = "UIWebView+AFNetworking.m"; sourceTree = "<group>"; };
		8DFC679F1A48FCD700E59C4B /* DonationDownloader.h */ = {isa = PBXFileReference; fileEncoding = 4; lastKnownFileType = sourcecode.c.h; path = DonationDownloader.h; sourceTree = "<group>"; };
		8DFC67A01A48FCD700E59C4B /* DonationDownloader.m */ = {isa = PBXFileReference; fileEncoding = 4; lastKnownFileType = sourcecode.c.objc; path = DonationDownloader.m; sourceTree = "<group>"; };
		8DFC67A51A49232300E59C4B /* NSDictionary+Donation.h */ = {isa = PBXFileReference; fileEncoding = 4; lastKnownFileType = sourcecode.c.h; path = "NSDictionary+Donation.h"; sourceTree = "<group>"; };
		8DFC67A61A49232300E59C4B /* NSDictionary+Donation.m */ = {isa = PBXFileReference; fileEncoding = 4; lastKnownFileType = sourcecode.c.objc; path = "NSDictionary+Donation.m"; sourceTree = "<group>"; };
/* End PBXFileReference section */

/* Begin PBXFrameworksBuildPhase section */
		8D1EF90F1963941800D9D8B8 /* Frameworks */ = {
			isa = PBXFrameworksBuildPhase;
			buildActionMask = 2147483647;
			files = (
				8D1EF9181963941800D9D8B8 /* CoreGraphics.framework in Frameworks */,
				8D1EF91A1963941800D9D8B8 /* UIKit.framework in Frameworks */,
				8D1EF9161963941800D9D8B8 /* Foundation.framework in Frameworks */,
			);
			runOnlyForDeploymentPostprocessing = 0;
		};
		8D1EF9301963941800D9D8B8 /* Frameworks */ = {
			isa = PBXFrameworksBuildPhase;
			buildActionMask = 2147483647;
			files = (
				8D1EF9351963941800D9D8B8 /* XCTest.framework in Frameworks */,
				8D1EF9371963941800D9D8B8 /* UIKit.framework in Frameworks */,
				8D1EF9361963941800D9D8B8 /* Foundation.framework in Frameworks */,
			);
			runOnlyForDeploymentPostprocessing = 0;
		};
/* End PBXFrameworksBuildPhase section */

/* Begin PBXGroup section */
		8D1EF9091963941800D9D8B8 = {
			isa = PBXGroup;
			children = (
				8D1EF91B1963941800D9D8B8 /* MezzoProt1 */,
				8D1EF93A1963941800D9D8B8 /* MezzoProt1Tests */,
				8D1EF9141963941800D9D8B8 /* Frameworks */,
				8D1EF9131963941800D9D8B8 /* Products */,
			);
			sourceTree = "<group>";
		};
		8D1EF9131963941800D9D8B8 /* Products */ = {
			isa = PBXGroup;
			children = (
				8D1EF9121963941800D9D8B8 /* MezzoProt1.app */,
				8D1EF9331963941800D9D8B8 /* MezzoProt1Tests.xctest */,
			);
			name = Products;
			sourceTree = "<group>";
		};
		8D1EF9141963941800D9D8B8 /* Frameworks */ = {
			isa = PBXGroup;
			children = (
				8D1EF9151963941800D9D8B8 /* Foundation.framework */,
				8D1EF9171963941800D9D8B8 /* CoreGraphics.framework */,
				8D1EF9191963941800D9D8B8 /* UIKit.framework */,
				8D1EF9341963941800D9D8B8 /* XCTest.framework */,
			);
			name = Frameworks;
			sourceTree = "<group>";
		};
		8D1EF91B1963941800D9D8B8 /* MezzoProt1 */ = {
			isa = PBXGroup;
			children = (
				8DFC67671A48930400E59C4B /* AFNetworking */,
				8DFC677B1A48930400E59C4B /* UIKit+AFNetworking */,
				8D1EF9271963941800D9D8B8 /* Main.storyboard */,
				8DF9C6D11A05BFB90043B5F1 /* Controllers */,
				8D1EF92D1963941800D9D8B8 /* Images.xcassets */,
				8D878C3C19648F89002780C4 /* Model */,
				8D1EF91C1963941800D9D8B8 /* Supporting Files */,
			);
			path = MezzoProt1;
			sourceTree = "<group>";
		};
		8D1EF91C1963941800D9D8B8 /* Supporting Files */ = {
			isa = PBXGroup;
			children = (
				8D1EF9241963941800D9D8B8 /* MezzoAppDelegate.h */,
				8D1EF9251963941800D9D8B8 /* MezzoAppDelegate.m */,
				8D1EF91D1963941800D9D8B8 /* MezzoProt1-Info.plist */,
				8D1EF91E1963941800D9D8B8 /* InfoPlist.strings */,
				8D1EF9211963941800D9D8B8 /* main.m */,
				8D1EF9231963941800D9D8B8 /* MezzoProt1-Prefix.pch */,
			);
			name = "Supporting Files";
			sourceTree = "<group>";
		};
		8D1EF93A1963941800D9D8B8 /* MezzoProt1Tests */ = {
			isa = PBXGroup;
			children = (
				8D1EF9401963941800D9D8B8 /* MezzoProt1Tests.m */,
				8D1EF93B1963941800D9D8B8 /* Supporting Files */,
			);
			path = MezzoProt1Tests;
			sourceTree = "<group>";
		};
		8D1EF93B1963941800D9D8B8 /* Supporting Files */ = {
			isa = PBXGroup;
			children = (
				8D1EF93C1963941800D9D8B8 /* MezzoProt1Tests-Info.plist */,
				8D1EF93D1963941800D9D8B8 /* InfoPlist.strings */,
			);
			name = "Supporting Files";
			sourceTree = "<group>";
		};
		8D878C3C19648F89002780C4 /* Model */ = {
			isa = PBXGroup;
			children = (
				8D878C4119648F89002780C4 /* Stakeholder.h */,
				8D878C4219648F89002780C4 /* Stakeholder.m */,
				8D878C4619649131002780C4 /* MezzoPrototypeData.h */,
				8D878C4719649131002780C4 /* MezzoPrototypeData.m */,
				8DFC679E1A48FC6600E59C4B /* Donations */,
				8DF9C6CA1A059FB20043B5F1 /* Messaging */,
			);
			path = Model;
			sourceTree = "<group>";
		};
		8DF9C6C91A0586190043B5F1 /* Messaging */ = {
			isa = PBXGroup;
			children = (
				8DF9C6D21A05C0130043B5F1 /* SendMessageViewController.h */,
				8DF9C6D31A05C0130043B5F1 /* SendMessageViewController.m */,
			);
			name = Messaging;
			sourceTree = "<group>";
		};
		8DF9C6CA1A059FB20043B5F1 /* Messaging */ = {
			isa = PBXGroup;
			children = (
				8DF9C6CB1A05BC1E0043B5F1 /* Message.h */,
				8DF9C6CC1A05BC1E0043B5F1 /* Message.m */,
				8DF9C6CE1A05BC370043B5F1 /* MessageSender.h */,
				8DF9C6CF1A05BC370043B5F1 /* MessageSender.m */,
			);
			name = Messaging;
			sourceTree = "<group>";
		};
		8DF9C6D11A05BFB90043B5F1 /* Controllers */ = {
			isa = PBXGroup;
			children = (
				8D1EF92A1963941800D9D8B8 /* MezzoViewController.h */,
				8D1EF92B1963941800D9D8B8 /* MezzoViewController.m */,
				8D52A49619649ABA00392EB2 /* CurrentDonationsTableViewController.h */,
				8D52A49719649ABA00392EB2 /* CurrentDonationsTableViewController.m */,
				8DBADE1A19685DDF00CC66C8 /* MezzoCurrentDonationTableViewCell.h */,
				8DBADE1B19685DDF00CC66C8 /* MezzoCurrentDonationTableViewCell.m */,
				8D878C3619648221002780C4 /* NewDonationTableViewController.h */,
				8D878C3719648221002780C4 /* NewDonationTableViewController.m */,
				8D878C3919648E1A002780C4 /* ChooseOrgTableViewController.h */,
				8D878C3A19648E1A002780C4 /* ChooseOrgTableViewController.m */,
				8D5A5B8A196D973900974183 /* DonationDetailsTableViewController.h */,
				8D5A5B8B196D973900974183 /* DonationDetailsTableViewController.m */,
				8DF9C6C91A0586190043B5F1 /* Messaging */,
			);
			name = Controllers;
			sourceTree = "<group>";
		};
		8DFC67671A48930400E59C4B /* AFNetworking */ = {
			isa = PBXGroup;
			children = (
				8DFC67681A48930400E59C4B /* AFHTTPRequestOperation.h */,
				8DFC67691A48930400E59C4B /* AFHTTPRequestOperation.m */,
				8DFC676A1A48930400E59C4B /* AFHTTPRequestOperationManager.h */,
				8DFC676B1A48930400E59C4B /* AFHTTPRequestOperationManager.m */,
				8DFC676C1A48930400E59C4B /* AFHTTPSessionManager.h */,
				8DFC676D1A48930400E59C4B /* AFHTTPSessionManager.m */,
				8DFC676E1A48930400E59C4B /* AFNetworking.h */,
				8DFC676F1A48930400E59C4B /* AFNetworkReachabilityManager.h */,
				8DFC67701A48930400E59C4B /* AFNetworkReachabilityManager.m */,
				8DFC67711A48930400E59C4B /* AFSecurityPolicy.h */,
				8DFC67721A48930400E59C4B /* AFSecurityPolicy.m */,
				8DFC67731A48930400E59C4B /* AFURLConnectionOperation.h */,
				8DFC67741A48930400E59C4B /* AFURLConnectionOperation.m */,
				8DFC67751A48930400E59C4B /* AFURLRequestSerialization.h */,
				8DFC67761A48930400E59C4B /* AFURLRequestSerialization.m */,
				8DFC67771A48930400E59C4B /* AFURLResponseSerialization.h */,
				8DFC67781A48930400E59C4B /* AFURLResponseSerialization.m */,
				8DFC67791A48930400E59C4B /* AFURLSessionManager.h */,
				8DFC677A1A48930400E59C4B /* AFURLSessionManager.m */,
			);
			path = AFNetworking;
			sourceTree = "<group>";
		};
		8DFC677B1A48930400E59C4B /* UIKit+AFNetworking */ = {
			isa = PBXGroup;
			children = (
				8DFC677C1A48930400E59C4B /* AFNetworkActivityIndicatorManager.h */,
				8DFC677D1A48930400E59C4B /* AFNetworkActivityIndicatorManager.m */,
				8DFC677E1A48930400E59C4B /* UIActivityIndicatorView+AFNetworking.h */,
				8DFC677F1A48930400E59C4B /* UIActivityIndicatorView+AFNetworking.m */,
				8DFC67801A48930400E59C4B /* UIAlertView+AFNetworking.h */,
				8DFC67811A48930400E59C4B /* UIAlertView+AFNetworking.m */,
				8DFC67821A48930400E59C4B /* UIButton+AFNetworking.h */,
				8DFC67831A48930400E59C4B /* UIButton+AFNetworking.m */,
				8DFC67841A48930400E59C4B /* UIImageView+AFNetworking.h */,
				8DFC67851A48930400E59C4B /* UIImageView+AFNetworking.m */,
				8DFC67861A48930400E59C4B /* UIKit+AFNetworking.h */,
				8DFC67871A48930400E59C4B /* UIProgressView+AFNetworking.h */,
				8DFC67881A48930400E59C4B /* UIProgressView+AFNetworking.m */,
				8DFC67891A48930400E59C4B /* UIRefreshControl+AFNetworking.h */,
				8DFC678A1A48930400E59C4B /* UIRefreshControl+AFNetworking.m */,
				8DFC678B1A48930400E59C4B /* UIWebView+AFNetworking.h */,
				8DFC678C1A48930400E59C4B /* UIWebView+AFNetworking.m */,
			);
			path = "UIKit+AFNetworking";
			sourceTree = "<group>";
		};
		8DFC679E1A48FC6600E59C4B /* Donations */ = {
			isa = PBXGroup;
			children = (
				8D878C3D19648F89002780C4 /* Donation.h */,
				8D878C3E19648F89002780C4 /* Donation.m */,
				8D878C3F19648F89002780C4 /* FoodPortion.h */,
				8D878C4019648F89002780C4 /* FoodPortion.m */,
				8DFC67A51A49232300E59C4B /* NSDictionary+Donation.h */,
				8DFC67A61A49232300E59C4B /* NSDictionary+Donation.m */,
				8DFC679F1A48FCD700E59C4B /* DonationDownloader.h */,
				8DFC67A01A48FCD700E59C4B /* DonationDownloader.m */,
			);
			name = Donations;
			sourceTree = "<group>";
		};
/* End PBXGroup section */

/* Begin PBXNativeTarget section */
		8D1EF9111963941800D9D8B8 /* MezzoProt1 */ = {
			isa = PBXNativeTarget;
			buildConfigurationList = 8D1EF9441963941800D9D8B8 /* Build configuration list for PBXNativeTarget "MezzoProt1" */;
			buildPhases = (
				8D1EF90E1963941800D9D8B8 /* Sources */,
				8D1EF90F1963941800D9D8B8 /* Frameworks */,
				8D1EF9101963941800D9D8B8 /* Resources */,
			);
			buildRules = (
			);
			dependencies = (
			);
			name = MezzoProt1;
			productName = MezzoProt1;
			productReference = 8D1EF9121963941800D9D8B8 /* MezzoProt1.app */;
			productType = "com.apple.product-type.application";
		};
		8D1EF9321963941800D9D8B8 /* MezzoProt1Tests */ = {
			isa = PBXNativeTarget;
			buildConfigurationList = 8D1EF9471963941800D9D8B8 /* Build configuration list for PBXNativeTarget "MezzoProt1Tests" */;
			buildPhases = (
				8D1EF92F1963941800D9D8B8 /* Sources */,
				8D1EF9301963941800D9D8B8 /* Frameworks */,
				8D1EF9311963941800D9D8B8 /* Resources */,
			);
			buildRules = (
			);
			dependencies = (
				8D1EF9391963941800D9D8B8 /* PBXTargetDependency */,
			);
			name = MezzoProt1Tests;
			productName = MezzoProt1Tests;
			productReference = 8D1EF9331963941800D9D8B8 /* MezzoProt1Tests.xctest */;
			productType = "com.apple.product-type.bundle.unit-test";
		};
/* End PBXNativeTarget section */

/* Begin PBXProject section */
		8D1EF90A1963941800D9D8B8 /* Project object */ = {
			isa = PBXProject;
			attributes = {
				CLASSPREFIX = Mezzo;
				LastUpgradeCheck = 0510;
				ORGANIZATIONNAME = Mezzo;
				TargetAttributes = {
					8D1EF9321963941800D9D8B8 = {
						TestTargetID = 8D1EF9111963941800D9D8B8;
					};
				};
			};
			buildConfigurationList = 8D1EF90D1963941800D9D8B8 /* Build configuration list for PBXProject "MezzoProt1" */;
			compatibilityVersion = "Xcode 3.2";
			developmentRegion = English;
			hasScannedForEncodings = 0;
			knownRegions = (
				en,
				Base,
			);
			mainGroup = 8D1EF9091963941800D9D8B8;
			productRefGroup = 8D1EF9131963941800D9D8B8 /* Products */;
			projectDirPath = "";
			projectRoot = "";
			targets = (
				8D1EF9111963941800D9D8B8 /* MezzoProt1 */,
				8D1EF9321963941800D9D8B8 /* MezzoProt1Tests */,
			);
		};
/* End PBXProject section */

/* Begin PBXResourcesBuildPhase section */
		8D1EF9101963941800D9D8B8 /* Resources */ = {
			isa = PBXResourcesBuildPhase;
			buildActionMask = 2147483647;
			files = (
				8D1EF92E1963941800D9D8B8 /* Images.xcassets in Resources */,
				8D1EF9201963941800D9D8B8 /* InfoPlist.strings in Resources */,
				8D1EF9291963941800D9D8B8 /* Main.storyboard in Resources */,
			);
			runOnlyForDeploymentPostprocessing = 0;
		};
		8D1EF9311963941800D9D8B8 /* Resources */ = {
			isa = PBXResourcesBuildPhase;
			buildActionMask = 2147483647;
			files = (
				8D1EF93F1963941800D9D8B8 /* InfoPlist.strings in Resources */,
			);
			runOnlyForDeploymentPostprocessing = 0;
		};
/* End PBXResourcesBuildPhase section */

/* Begin PBXSourcesBuildPhase section */
		8D1EF90E1963941800D9D8B8 /* Sources */ = {
			isa = PBXSourcesBuildPhase;
			buildActionMask = 2147483647;
			files = (
				8DFC67A11A48FCD700E59C4B /* DonationDownloader.m in Sources */,
				8D878C3819648221002780C4 /* NewDonationTableViewController.m in Sources */,
				8D878C4419648F89002780C4 /* FoodPortion.m in Sources */,
				8DFC67991A48930400E59C4B /* UIButton+AFNetworking.m in Sources */,
				8D878C4319648F89002780C4 /* Donation.m in Sources */,
				8DFC679D1A48930400E59C4B /* UIWebView+AFNetworking.m in Sources */,
				8DFC679B1A48930400E59C4B /* UIProgressView+AFNetworking.m in Sources */,
				8DFC678F1A48930400E59C4B /* AFHTTPSessionManager.m in Sources */,
				8D52A49819649ABA00392EB2 /* CurrentDonationsTableViewController.m in Sources */,
				8DFC679A1A48930400E59C4B /* UIImageView+AFNetworking.m in Sources */,
				8DFC67901A48930400E59C4B /* AFNetworkReachabilityManager.m in Sources */,
				8DFC678D1A48930400E59C4B /* AFHTTPRequestOperation.m in Sources */,
				8DFC67931A48930400E59C4B /* AFURLRequestSerialization.m in Sources */,
				8DFC67921A48930400E59C4B /* AFURLConnectionOperation.m in Sources */,
				8DFC67951A48930400E59C4B /* AFURLSessionManager.m in Sources */,
				8D878C3B19648E1A002780C4 /* ChooseOrgTableViewController.m in Sources */,
				8DFC67A71A49232300E59C4B /* NSDictionary+Donation.m in Sources */,
				8D1EF9261963941800D9D8B8 /* MezzoAppDelegate.m in Sources */,
				8DFC67971A48930400E59C4B /* UIActivityIndicatorView+AFNetworking.m in Sources */,
				8D1EF92C1963941800D9D8B8 /* MezzoViewController.m in Sources */,
				8D878C4519648F89002780C4 /* Stakeholder.m in Sources */,
				8DF9C6D01A05BC370043B5F1 /* MessageSender.m in Sources */,
				8DF9C6D41A05C0130043B5F1 /* SendMessageViewController.m in Sources */,
				8D5A5B8C196D973900974183 /* DonationDetailsTableViewController.m in Sources */,
				8D1EF9221963941800D9D8B8 /* main.m in Sources */,
				8D878C4819649131002780C4 /* MezzoPrototypeData.m in Sources */,
				8DFC67911A48930400E59C4B /* AFSecurityPolicy.m in Sources */,
				8DFC679C1A48930400E59C4B /* UIRefreshControl+AFNetworking.m in Sources */,
				8DFC67981A48930400E59C4B /* UIAlertView+AFNetworking.m in Sources */,
				8DF9C6CD1A05BC1E0043B5F1 /* Message.m in Sources */,
				8DFC678E1A48930400E59C4B /* AFHTTPRequestOperationManager.m in Sources */,
				8DBADE1C19685DDF00CC66C8 /* MezzoCurrentDonationTableViewCell.m in Sources */,
				8DFC67941A48930400E59C4B /* AFURLResponseSerialization.m in Sources */,
				8DFC67961A48930400E59C4B /* AFNetworkActivityIndicatorManager.m in Sources */,
			);
			runOnlyForDeploymentPostprocessing = 0;
		};
		8D1EF92F1963941800D9D8B8 /* Sources */ = {
			isa = PBXSourcesBuildPhase;
			buildActionMask = 2147483647;
			files = (
				8D1EF9411963941800D9D8B8 /* MezzoProt1Tests.m in Sources */,
			);
			runOnlyForDeploymentPostprocessing = 0;
		};
/* End PBXSourcesBuildPhase section */

/* Begin PBXTargetDependency section */
		8D1EF9391963941800D9D8B8 /* PBXTargetDependency */ = {
			isa = PBXTargetDependency;
			target = 8D1EF9111963941800D9D8B8 /* MezzoProt1 */;
			targetProxy = 8D1EF9381963941800D9D8B8 /* PBXContainerItemProxy */;
		};
/* End PBXTargetDependency section */

/* Begin PBXVariantGroup section */
		8D1EF91E1963941800D9D8B8 /* InfoPlist.strings */ = {
			isa = PBXVariantGroup;
			children = (
				8D1EF91F1963941800D9D8B8 /* en */,
			);
			name = InfoPlist.strings;
			sourceTree = "<group>";
		};
		8D1EF9271963941800D9D8B8 /* Main.storyboard */ = {
			isa = PBXVariantGroup;
			children = (
				8D1EF9281963941800D9D8B8 /* Base */,
			);
			name = Main.storyboard;
			sourceTree = "<group>";
		};
		8D1EF93D1963941800D9D8B8 /* InfoPlist.strings */ = {
			isa = PBXVariantGroup;
			children = (
				8D1EF93E1963941800D9D8B8 /* en */,
			);
			name = InfoPlist.strings;
			sourceTree = "<group>";
		};
/* End PBXVariantGroup section */

/* Begin XCBuildConfiguration section */
		8D1EF9421963941800D9D8B8 /* Debug */ = {
			isa = XCBuildConfiguration;
			buildSettings = {
				ALWAYS_SEARCH_USER_PATHS = NO;
				CLANG_CXX_LANGUAGE_STANDARD = "gnu++0x";
				CLANG_CXX_LIBRARY = "libc++";
				CLANG_ENABLE_MODULES = YES;
				CLANG_ENABLE_OBJC_ARC = YES;
				CLANG_WARN_BOOL_CONVERSION = YES;
				CLANG_WARN_CONSTANT_CONVERSION = YES;
				CLANG_WARN_DIRECT_OBJC_ISA_USAGE = YES_ERROR;
				CLANG_WARN_EMPTY_BODY = YES;
				CLANG_WARN_ENUM_CONVERSION = YES;
				CLANG_WARN_INT_CONVERSION = YES;
				CLANG_WARN_OBJC_ROOT_CLASS = YES_ERROR;
				CLANG_WARN__DUPLICATE_METHOD_MATCH = YES;
				"CODE_SIGN_IDENTITY[sdk=iphoneos*]" = "iPhone Developer";
				COPY_PHASE_STRIP = NO;
				GCC_C_LANGUAGE_STANDARD = gnu99;
				GCC_DYNAMIC_NO_PIC = NO;
				GCC_OPTIMIZATION_LEVEL = 0;
				GCC_PREPROCESSOR_DEFINITIONS = (
					"DEBUG=1",
					"$(inherited)",
				);
				GCC_SYMBOLS_PRIVATE_EXTERN = NO;
				GCC_WARN_64_TO_32_BIT_CONVERSION = YES;
				GCC_WARN_ABOUT_RETURN_TYPE = YES_ERROR;
				GCC_WARN_UNDECLARED_SELECTOR = YES;
				GCC_WARN_UNINITIALIZED_AUTOS = YES_AGGRESSIVE;
				GCC_WARN_UNUSED_FUNCTION = YES;
				GCC_WARN_UNUSED_VARIABLE = YES;
				IPHONEOS_DEPLOYMENT_TARGET = 7.1;
				ONLY_ACTIVE_ARCH = YES;
				SDKROOT = iphoneos;
			};
			name = Debug;
		};
		8D1EF9431963941800D9D8B8 /* Release */ = {
			isa = XCBuildConfiguration;
			buildSettings = {
				ALWAYS_SEARCH_USER_PATHS = NO;
				CLANG_CXX_LANGUAGE_STANDARD = "gnu++0x";
				CLANG_CXX_LIBRARY = "libc++";
				CLANG_ENABLE_MODULES = YES;
				CLANG_ENABLE_OBJC_ARC = YES;
				CLANG_WARN_BOOL_CONVERSION = YES;
				CLANG_WARN_CONSTANT_CONVERSION = YES;
				CLANG_WARN_DIRECT_OBJC_ISA_USAGE = YES_ERROR;
				CLANG_WARN_EMPTY_BODY = YES;
				CLANG_WARN_ENUM_CONVERSION = YES;
				CLANG_WARN_INT_CONVERSION = YES;
				CLANG_WARN_OBJC_ROOT_CLASS = YES_ERROR;
				CLANG_WARN__DUPLICATE_METHOD_MATCH = YES;
				"CODE_SIGN_IDENTITY[sdk=iphoneos*]" = "iPhone Developer";
				COPY_PHASE_STRIP = YES;
				ENABLE_NS_ASSERTIONS = NO;
				GCC_C_LANGUAGE_STANDARD = gnu99;
				GCC_WARN_64_TO_32_BIT_CONVERSION = YES;
				GCC_WARN_ABOUT_RETURN_TYPE = YES_ERROR;
				GCC_WARN_UNDECLARED_SELECTOR = YES;
				GCC_WARN_UNINITIALIZED_AUTOS = YES_AGGRESSIVE;
				GCC_WARN_UNUSED_FUNCTION = YES;
				GCC_WARN_UNUSED_VARIABLE = YES;
				IPHONEOS_DEPLOYMENT_TARGET = 7.1;
				SDKROOT = iphoneos;
				VALIDATE_PRODUCT = YES;
			};
			name = Release;
		};
		8D1EF9451963941800D9D8B8 /* Debug */ = {
			isa = XCBuildConfiguration;
			buildSettings = {
				ASSETCATALOG_COMPILER_APPICON_NAME = AppIcon;
				ASSETCATALOG_COMPILER_LAUNCHIMAGE_NAME = LaunchImage;
				GCC_PRECOMPILE_PREFIX_HEADER = YES;
				GCC_PREFIX_HEADER = "MezzoProt1/MezzoProt1-Prefix.pch";
				INFOPLIST_FILE = "MezzoProt1/MezzoProt1-Info.plist";
				PRODUCT_NAME = "$(TARGET_NAME)";
				WRAPPER_EXTENSION = app;
			};
			name = Debug;
		};
		8D1EF9461963941800D9D8B8 /* Release */ = {
			isa = XCBuildConfiguration;
			buildSettings = {
				ASSETCATALOG_COMPILER_APPICON_NAME = AppIcon;
				ASSETCATALOG_COMPILER_LAUNCHIMAGE_NAME = LaunchImage;
				GCC_PRECOMPILE_PREFIX_HEADER = YES;
				GCC_PREFIX_HEADER = "MezzoProt1/MezzoProt1-Prefix.pch";
				INFOPLIST_FILE = "MezzoProt1/MezzoProt1-Info.plist";
				PRODUCT_NAME = "$(TARGET_NAME)";
				WRAPPER_EXTENSION = app;
			};
			name = Release;
		};
		8D1EF9481963941800D9D8B8 /* Debug */ = {
			isa = XCBuildConfiguration;
			buildSettings = {
				BUNDLE_LOADER = "$(BUILT_PRODUCTS_DIR)/MezzoProt1.app/MezzoProt1";
				FRAMEWORK_SEARCH_PATHS = (
					"$(SDKROOT)/Developer/Library/Frameworks",
					"$(inherited)",
					"$(DEVELOPER_FRAMEWORKS_DIR)",
				);
				GCC_PRECOMPILE_PREFIX_HEADER = YES;
				GCC_PREFIX_HEADER = "MezzoProt1/MezzoProt1-Prefix.pch";
				GCC_PREPROCESSOR_DEFINITIONS = (
					"DEBUG=1",
					"$(inherited)",
				);
				INFOPLIST_FILE = "MezzoProt1Tests/MezzoProt1Tests-Info.plist";
				PRODUCT_NAME = "$(TARGET_NAME)";
				TEST_HOST = "$(BUNDLE_LOADER)";
				WRAPPER_EXTENSION = xctest;
			};
			name = Debug;
		};
		8D1EF9491963941800D9D8B8 /* Release */ = {
			isa = XCBuildConfiguration;
			buildSettings = {
				BUNDLE_LOADER = "$(BUILT_PRODUCTS_DIR)/MezzoProt1.app/MezzoProt1";
				FRAMEWORK_SEARCH_PATHS = (
					"$(SDKROOT)/Developer/Library/Frameworks",
					"$(inherited)",
					"$(DEVELOPER_FRAMEWORKS_DIR)",
				);
				GCC_PRECOMPILE_PREFIX_HEADER = YES;
				GCC_PREFIX_HEADER = "MezzoProt1/MezzoProt1-Prefix.pch";
				INFOPLIST_FILE = "MezzoProt1Tests/MezzoProt1Tests-Info.plist";
				PRODUCT_NAME = "$(TARGET_NAME)";
				TEST_HOST = "$(BUNDLE_LOADER)";
				WRAPPER_EXTENSION = xctest;
			};
			name = Release;
		};
/* End XCBuildConfiguration section */

/* Begin XCConfigurationList section */
		8D1EF90D1963941800D9D8B8 /* Build configuration list for PBXProject "MezzoProt1" */ = {
			isa = XCConfigurationList;
			buildConfigurations = (
				8D1EF9421963941800D9D8B8 /* Debug */,
				8D1EF9431963941800D9D8B8 /* Release */,
			);
			defaultConfigurationIsVisible = 0;
			defaultConfigurationName = Release;
		};
		8D1EF9441963941800D9D8B8 /* Build configuration list for PBXNativeTarget "MezzoProt1" */ = {
			isa = XCConfigurationList;
			buildConfigurations = (
				8D1EF9451963941800D9D8B8 /* Debug */,
				8D1EF9461963941800D9D8B8 /* Release */,
			);
			defaultConfigurationIsVisible = 0;
			defaultConfigurationName = Release;
		};
		8D1EF9471963941800D9D8B8 /* Build configuration list for PBXNativeTarget "MezzoProt1Tests" */ = {
			isa = XCConfigurationList;
			buildConfigurations = (
				8D1EF9481963941800D9D8B8 /* Debug */,
				8D1EF9491963941800D9D8B8 /* Release */,
			);
			defaultConfigurationIsVisible = 0;
			defaultConfigurationName = Release;
		};
/* End XCConfigurationList section */
	};
	rootObject = 8D1EF90A1963941800D9D8B8 /* Project object */;
}
